{
  "name": "matrix-web-fe-tests",
  "version": "1.0.0",
  "lockfileVersion": 2,
  "requires": true,
  "packages": {
    "": {
      "name": "matrix-web-fe-tests",
      "version": "1.0.0",
      "license": "ISC",
      "dependencies": {
        "aggregate-error": "^4.0.0",
        "archiver": "^5.3.0",
        "axios": "^0.26.1",
        "crypto-js": "^4.1.1",
        "cypress-downloadfile": "^1.2.1",
        "cypress-file-upload": "^5.0.7",
        "cypress-parallel": "^0.1.8",
        "cypress-real-events": "^1.7.1",
        "express": "^4.17.2",
        "faker": "^5.5.3",
        "fast-xml-parser": "^4.0.0-beta.3",
        "fs": "0.0.1-security",
        "ftp-deploy": "^2.3.8",
        "ibantools": "^3.3.0",
        "json-diff": "^0.9.0",
        "minimist": "^1.2.6",
        "moment": "^2.29.2",
        "mysql": "^2.18.1",
        "node-fetch": "^2.6.7",
        "node-xlsx": "^0.21.0",
        "nodemailer": "^6.6.3",
        "p-map": "^4.0.0",
        "pdf2json": "^2.0.1",
        "pdfjs-dist": "^2.9.359",
        "prompt-sync": "^4.1.6",
        "rimraf": "^3.0.2",
        "ssh2": "^1.4.0",
        "unzipper": "^0.10.11",
        "xlsx": "^0.18.4",
        "xml2js": "^0.4.23"
      },
      "devDependencies": {
        "cypress": "^10.4.0",
        "cypress-iframe": "^1.0.1",
        "cypress-mochawesome-reporter": "^3.2.2",
        "cypress-plugin-tab": "^1.0.5",
        "jsdoc-to-markdown": "^7.1.1",
        "mochawesome": "^7.0.1",
        "npm-run-all": "^4.1.5"
      }
    }
  }
}
